// !$*UTF8*$!
{
	archiveVersion = 1;
	classes = {
	};
	objectVersion = 50;
	objects = {

/* Begin PBXBuildFile section */
		CD4E6A4A20A8768C003ED5E6 /* AppDelegate.swift in Sources */ = {isa = PBXBuildFile; fileRef = CD4E6A4920A8768C003ED5E6 /* AppDelegate.swift */; };
		CD4E6A4C20A8768C003ED5E6 /* ViewController.swift in Sources */ = {isa = PBXBuildFile; fileRef = CD4E6A4B20A8768C003ED5E6 /* ViewController.swift */; };
		CD4E6A4F20A8768C003ED5E6 /* Main.storyboard in Resources */ = {isa = PBXBuildFile; fileRef = CD4E6A4D20A8768C003ED5E6 /* Main.storyboard */; };
		CD4E6A5120A876A2003ED5E6 /* Assets.xcassets in Resources */ = {isa = PBXBuildFile; fileRef = CD4E6A5020A876A2003ED5E6 /* Assets.xcassets */; };
		CD4E6A5420A876A2003ED5E6 /* LaunchScreen.storyboard in Resources */ = {isa = PBXBuildFile; fileRef = CD4E6A5220A876A2003ED5E6 /* LaunchScreen.storyboard */; };
		CD4E6A5F20A876A6003ED5E6 /* PTBHTests.swift in Sources */ = {isa = PBXBuildFile; fileRef = CD4E6A5E20A876A6003ED5E6 /* PTBHTests.swift */; };
		CD4E6A6A20A876A7003ED5E6 /* PTBHUITests.swift in Sources */ = {isa = PBXBuildFile; fileRef = CD4E6A6920A876A7003ED5E6 /* PTBHUITests.swift */; };
/* End PBXBuildFile section */

/* Begin PBXContainerItemProxy section */
		CD4E6A5B20A876A5003ED5E6 /* PBXContainerItemProxy */ = {
			isa = PBXContainerItemProxy;
			containerPortal = CD4E6A3E20A8768C003ED5E6 /* Project object */;
			proxyType = 1;
			remoteGlobalIDString = CD4E6A4520A8768C003ED5E6;
			remoteInfo = PTBH;
		};
		CD4E6A6620A876A6003ED5E6 /* PBXContainerItemProxy */ = {
			isa = PBXContainerItemProxy;
			containerPortal = CD4E6A3E20A8768C003ED5E6 /* Project object */;
			proxyType = 1;
			remoteGlobalIDString = CD4E6A4520A8768C003ED5E6;
			remoteInfo = PTBH;
		};
/* End PBXContainerItemProxy section */

/* Begin PBXFileReference section */
		CD4E6A4620A8768C003ED5E6 /* PTBH.app */ = {isa = PBXFileReference; explicitFileType = wrapper.application; includeInIndex = 0; path = PTBH.app; sourceTree = BUILT_PRODUCTS_DIR; };
		CD4E6A4920A8768C003ED5E6 /* AppDelegate.swift */ = {isa = PBXFileReference; lastKnownFileType = sourcecode.swift; path = AppDelegate.swift; sourceTree = "<group>"; };
		CD4E6A4B20A8768C003ED5E6 /* ViewController.swift */ = {isa = PBXFileReference; lastKnownFileType = sourcecode.swift; path = ViewController.swift; sourceTree = "<group>"; };
		CD4E6A4E20A8768C003ED5E6 /* Base */ = {isa = PBXFileReference; lastKnownFileType = file.storyboard; name = Base; path = Base.lproj/Main.storyboard; sourceTree = "<group>"; };
		CD4E6A5020A876A2003ED5E6 /* Assets.xcassets */ = {isa = PBXFileReference; lastKnownFileType = folder.assetcatalog; path = Assets.xcassets; sourceTree = "<group>"; };
		CD4E6A5320A876A2003ED5E6 /* Base */ = {isa = PBXFileReference; lastKnownFileType = file.storyboard; name = Base; path = Base.lproj/LaunchScreen.storyboard; sourceTree = "<group>"; };
		CD4E6A5520A876A2003ED5E6 /* Info.plist */ = {isa = PBXFileReference; lastKnownFileType = text.plist.xml; path = Info.plist; sourceTree = "<group>"; };
		CD4E6A5A20A876A5003ED5E6 /* PTBHTests.xctest */ = {isa = PBXFileReference; explicitFileType = wrapper.cfbundle; includeInIndex = 0; path = PTBHTests.xctest; sourceTree = BUILT_PRODUCTS_DIR; };
		CD4E6A5E20A876A6003ED5E6 /* PTBHTests.swift */ = {isa = PBXFileReference; lastKnownFileType = sourcecode.swift; path = PTBHTests.swift; sourceTree = "<group>"; };
		CD4E6A6020A876A6003ED5E6 /* Info.plist */ = {isa = PBXFileReference; lastKnownFileType = text.plist.xml; path = Info.plist; sourceTree = "<group>"; };
		CD4E6A6520A876A6003ED5E6 /* PTBHUITests.xctest */ = {isa = PBXFileReference; explicitFileType = wrapper.cfbundle; includeInIndex = 0; path = PTBHUITests.xctest; sourceTree = BUILT_PRODUCTS_DIR; };
		CD4E6A6920A876A7003ED5E6 /* PTBHUITests.swift */ = {isa = PBXFileReference; lastKnownFileType = sourcecode.swift; path = PTBHUITests.swift; sourceTree = "<group>"; };
		CD4E6A6B20A876A7003ED5E6 /* Info.plist */ = {isa = PBXFileReference; lastKnownFileType = text.plist.xml; path = Info.plist; sourceTree = "<group>"; };
/* End PBXFileReference section */

/* Begin PBXFrameworksBuildPhase section */
		CD4E6A4320A8768C003ED5E6 /* Frameworks */ = {
			isa = PBXFrameworksBuildPhase;
			buildActionMask = 2147483647;
			files = (
			);
			runOnlyForDeploymentPostprocessing = 0;
		};
		CD4E6A5720A876A5003ED5E6 /* Frameworks */ = {
			isa = PBXFrameworksBuildPhase;
			buildActionMask = 2147483647;
			files = (
			);
			runOnlyForDeploymentPostprocessing = 0;
		};
		CD4E6A6220A876A6003ED5E6 /* Frameworks */ = {
			isa = PBXFrameworksBuildPhase;
			buildActionMask = 2147483647;
			files = (
			);
			runOnlyForDeploymentPostprocessing = 0;
		};
/* End PBXFrameworksBuildPhase section */

/* Begin PBXGroup section */
		CD4E6A3D20A8768B003ED5E6 = {
			isa = PBXGroup;
			children = (
				CD4E6A4820A8768C003ED5E6 /* PTBH */,
				CD4E6A5D20A876A5003ED5E6 /* PTBHTests */,
				CD4E6A6820A876A7003ED5E6 /* PTBHUITests */,
				CD4E6A4720A8768C003ED5E6 /* Products */,
			);
			sourceTree = "<group>";
		};
		CD4E6A4720A8768C003ED5E6 /* Products */ = {
			isa = PBXGroup;
			children = (
				CD4E6A4620A8768C003ED5E6 /* PTBH.app */,
				CD4E6A5A20A876A5003ED5E6 /* PTBHTests.xctest */,
				CD4E6A6520A876A6003ED5E6 /* PTBHUITests.xctest */,
			);
			name = Products;
			sourceTree = "<group>";
		};
		CD4E6A4820A8768C003ED5E6 /* PTBH */ = {
			isa = PBXGroup;
			children = (
				CD4E6A4920A8768C003ED5E6 /* AppDelegate.swift */,
				CD4E6A4B20A8768C003ED5E6 /* ViewController.swift */,
				CD4E6A4D20A8768C003ED5E6 /* Main.storyboard */,
				CD4E6A5020A876A2003ED5E6 /* Assets.xcassets */,
				CD4E6A5220A876A2003ED5E6 /* LaunchScreen.storyboard */,
				CD4E6A5520A876A2003ED5E6 /* Info.plist */,
			);
			path = PTBH;
			sourceTree = "<group>";
		};
		CD4E6A5D20A876A5003ED5E6 /* PTBHTests */ = {
			isa = PBXGroup;
			children = (
				CD4E6A5E20A876A6003ED5E6 /* PTBHTests.swift */,
				CD4E6A6020A876A6003ED5E6 /* Info.plist */,
			);
			path = PTBHTests;
			sourceTree = "<group>";
		};
		CD4E6A6820A876A7003ED5E6 /* PTBHUITests */ = {
			isa = PBXGroup;
			children = (
				CD4E6A6920A876A7003ED5E6 /* PTBHUITests.swift */,
				CD4E6A6B20A876A7003ED5E6 /* Info.plist */,
			);
			path = PTBHUITests;
			sourceTree = "<group>";
		};
/* End PBXGroup section */

/* Begin PBXNativeTarget section */
		CD4E6A4520A8768C003ED5E6 /* PTBH */ = {
			isa = PBXNativeTarget;
			buildConfigurationList = CD4E6A6E20A876A7003ED5E6 /* Build configuration list for PBXNativeTarget "PTBH" */;
			buildPhases = (
				CD4E6A4220A8768C003ED5E6 /* Sources */,
				CD4E6A4320A8768C003ED5E6 /* Frameworks */,
				CD4E6A4420A8768C003ED5E6 /* Resources */,
			);
			buildRules = (
			);
			dependencies = (
			);
			name = PTBH;
			productName = PTBH;
			productReference = CD4E6A4620A8768C003ED5E6 /* PTBH.app */;
			productType = "com.apple.product-type.application";
		};
		CD4E6A5920A876A5003ED5E6 /* PTBHTests */ = {
			isa = PBXNativeTarget;
			buildConfigurationList = CD4E6A7120A876A7003ED5E6 /* Build configuration list for PBXNativeTarget "PTBHTests" */;
			buildPhases = (
				CD4E6A5620A876A5003ED5E6 /* Sources */,
				CD4E6A5720A876A5003ED5E6 /* Frameworks */,
				CD4E6A5820A876A5003ED5E6 /* Resources */,
			);
			buildRules = (
			);
			dependencies = (
				CD4E6A5C20A876A5003ED5E6 /* PBXTargetDependency */,
			);
			name = PTBHTests;
			productName = PTBHTests;
			productReference = CD4E6A5A20A876A5003ED5E6 /* PTBHTests.xctest */;
			productType = "com.apple.product-type.bundle.unit-test";
		};
		CD4E6A6420A876A6003ED5E6 /* PTBHUITests */ = {
			isa = PBXNativeTarget;
			buildConfigurationList = CD4E6A7420A876A7003ED5E6 /* Build configuration list for PBXNativeTarget "PTBHUITests" */;
			buildPhases = (
				CD4E6A6120A876A6003ED5E6 /* Sources */,
				CD4E6A6220A876A6003ED5E6 /* Frameworks */,
				CD4E6A6320A876A6003ED5E6 /* Resources */,
			);
			buildRules = (
			);
			dependencies = (
				CD4E6A6720A876A6003ED5E6 /* PBXTargetDependency */,
			);
			name = PTBHUITests;
			productName = PTBHUITests;
			productReference = CD4E6A6520A876A6003ED5E6 /* PTBHUITests.xctest */;
			productType = "com.apple.product-type.bundle.ui-testing";
		};
/* End PBXNativeTarget section */

/* Begin PBXProject section */
		CD4E6A3E20A8768C003ED5E6 /* Project object */ = {
			isa = PBXProject;
			attributes = {
				LastSwiftUpdateCheck = 0930;
				LastUpgradeCheck = 0930;
				ORGANIZATIONNAME = JACKLIEN;
				TargetAttributes = {
					CD4E6A4520A8768C003ED5E6 = {
						CreatedOnToolsVersion = 9.3;
					};
					CD4E6A5920A876A5003ED5E6 = {
						CreatedOnToolsVersion = 9.3;
						TestTargetID = CD4E6A4520A8768C003ED5E6;
					};
					CD4E6A6420A876A6003ED5E6 = {
						CreatedOnToolsVersion = 9.3;
						TestTargetID = CD4E6A4520A8768C003ED5E6;
					};
				};
			};
			buildConfigurationList = CD4E6A4120A8768C003ED5E6 /* Build configuration list for PBXProject "PTBH" */;
			compatibilityVersion = "Xcode 9.3";
			developmentRegion = en;
			hasScannedForEncodings = 0;
			knownRegions = (
				en,
				Base,
			);
			mainGroup = CD4E6A3D20A8768B003ED5E6;
			productRefGroup = CD4E6A4720A8768C003ED5E6 /* Products */;
			projectDirPath = "";
			projectRoot = "";
			targets = (
				CD4E6A4520A8768C003ED5E6 /* PTBH */,
				CD4E6A5920A876A5003ED5E6 /* PTBHTests */,
				CD4E6A6420A876A6003ED5E6 /* PTBHUITests */,
			);
		};
/* End PBXProject section */

/* Begin PBXResourcesBuildPhase section */
		CD4E6A4420A8768C003ED5E6 /* Resources */ = {
			isa = PBXResourcesBuildPhase;
			buildActionMask = 2147483647;
			files = (
				CD4E6A5420A876A2003ED5E6 /* LaunchScreen.storyboard in Resources */,
				CD4E6A5120A876A2003ED5E6 /* Assets.xcassets in Resources */,
				CD4E6A4F20A8768C003ED5E6 /* Main.storyboard in Resources */,
			);
			runOnlyForDeploymentPostprocessing = 0;
		};
		CD4E6A5820A876A5003ED5E6 /* Resources */ = {
			isa = PBXResourcesBuildPhase;
			buildActionMask = 2147483647;
			files = (
			);
			runOnlyForDeploymentPostprocessing = 0;
		};
		CD4E6A6320A876A6003ED5E6 /* Resources */ = {
			isa = PBXResourcesBuildPhase;
			buildActionMask = 2147483647;
			files = (
			);
			runOnlyForDeploymentPostprocessing = 0;
		};
/* End PBXResourcesBuildPhase section */

/* Begin PBXSourcesBuildPhase section */
		CD4E6A4220A8768C003ED5E6 /* Sources */ = {
			isa = PBXSourcesBuildPhase;
			buildActionMask = 2147483647;
			files = (
				CD4E6A4C20A8768C003ED5E6 /* ViewController.swift in Sources */,
				CD4E6A4A20A8768C003ED5E6 /* AppDelegate.swift in Sources */,
			);
			runOnlyForDeploymentPostprocessing = 0;
		};
		CD4E6A5620A876A5003ED5E6 /* Sources */ = {
			isa = PBXSourcesBuildPhase;
			buildActionMask = 2147483647;
			files = (
				CD4E6A5F20A876A6003ED5E6 /* PTBHTests.swift in Sources */,
			);
			runOnlyForDeploymentPostprocessing = 0;
		};
		CD4E6A6120A876A6003ED5E6 /* Sources */ = {
			isa = PBXSourcesBuildPhase;
			buildActionMask = 2147483647;
			files = (
				CD4E6A6A20A876A7003ED5E6 /* PTBHUITests.swift in Sources */,
			);
			runOnlyForDeploymentPostprocessing = 0;
		};
/* End PBXSourcesBuildPhase section */

/* Begin PBXTargetDependency section */
		CD4E6A5C20A876A5003ED5E6 /* PBXTargetDependency */ = {
			isa = PBXTargetDependency;
			target = CD4E6A4520A8768C003ED5E6 /* PTBH */;
			targetProxy = CD4E6A5B20A876A5003ED5E6 /* PBXContainerItemProxy */;
		};
		CD4E6A6720A876A6003ED5E6 /* PBXTargetDependency */ = {
			isa = PBXTargetDependency;
			target = CD4E6A4520A8768C003ED5E6 /* PTBH */;
			targetProxy = CD4E6A6620A876A6003ED5E6 /* PBXContainerItemProxy */;
		};
/* End PBXTargetDependency section */

/* Begin PBXVariantGroup section */
		CD4E6A4D20A8768C003ED5E6 /* Main.storyboard */ = {
			isa = PBXVariantGroup;
			children = (
				CD4E6A4E20A8768C003ED5E6 /* Base */,
			);
			name = Main.storyboard;
			sourceTree = "<group>";
		};
		CD4E6A5220A876A2003ED5E6 /* LaunchScreen.storyboard */ = {
			isa = PBXVariantGroup;
			children = (
				CD4E6A5320A876A2003ED5E6 /* Base */,
			);
			name = LaunchScreen.storyboard;
			sourceTree = "<group>";
		};
/* End PBXVariantGroup section */

/* Begin XCBuildConfiguration section */
		CD4E6A6C20A876A7003ED5E6 /* Debug */ = {
			isa = XCBuildConfiguration;
			buildSettings = {
				ALWAYS_SEARCH_USER_PATHS = NO;
				CLANG_ANALYZER_NONNULL = YES;
				CLANG_ANALYZER_NUMBER_OBJECT_CONVERSION = YES_AGGRESSIVE;
				CLANG_CXX_LANGUAGE_STANDARD = "gnu++14";
				CLANG_CXX_LIBRARY = "libc++";
				CLANG_ENABLE_MODULES = YES;
				CLANG_ENABLE_OBJC_ARC = YES;
				CLANG_ENABLE_OBJC_WEAK = YES;
				CLANG_WARN_BLOCK_CAPTURE_AUTORELEASING = YES;
				CLANG_WARN_BOOL_CONVERSION = YES;
				CLANG_WARN_COMMA = YES;
				CLANG_WARN_CONSTANT_CONVERSION = YES;
				CLANG_WARN_DEPRECATED_OBJC_IMPLEMENTATIONS = YES;
				CLANG_WARN_DIRECT_OBJC_ISA_USAGE = YES_ERROR;
				CLANG_WARN_DOCUMENTATION_COMMENTS = YES;
				CLANG_WARN_EMPTY_BODY = YES;
				CLANG_WARN_ENUM_CONVERSION = YES;
				CLANG_WARN_INFINITE_RECURSION = YES;
				CLANG_WARN_INT_CONVERSION = YES;
				CLANG_WARN_NON_LITERAL_NULL_CONVERSION = YES;
				CLANG_WARN_OBJC_IMPLICIT_RETAIN_SELF = YES;
				CLANG_WARN_OBJC_LITERAL_CONVERSION = YES;
				CLANG_WARN_OBJC_ROOT_CLASS = YES_ERROR;
				CLANG_WARN_RANGE_LOOP_ANALYSIS = YES;
				CLANG_WARN_STRICT_PROTOTYPES = YES;
				CLANG_WARN_SUSPICIOUS_MOVE = YES;
				CLANG_WARN_UNGUARDED_AVAILABILITY = YES_AGGRESSIVE;
				CLANG_WARN_UNREACHABLE_CODE = YES;
				CLANG_WARN__DUPLICATE_METHOD_MATCH = YES;
				CODE_SIGN_IDENTITY = "iPhone Developer";
				COPY_PHASE_STRIP = NO;
				DEBUG_INFORMATION_FORMAT = dwarf;
				ENABLE_STRICT_OBJC_MSGSEND = YES;
				ENABLE_TESTABILITY = YES;
				GCC_C_LANGUAGE_STANDARD = gnu11;
				GCC_DYNAMIC_NO_PIC = NO;
				GCC_NO_COMMON_BLOCKS = YES;
				GCC_OPTIMIZATION_LEVEL = 0;
				GCC_PREPROCESSOR_DEFINITIONS = (
					"DEBUG=1",
					"$(inherited)",
				);
				GCC_WARN_64_TO_32_BIT_CONVERSION = YES;
				GCC_WARN_ABOUT_RETURN_TYPE = YES_ERROR;
				GCC_WARN_UNDECLARED_SELECTOR = YES;
				GCC_WARN_UNINITIALIZED_AUTOS = YES_AGGRESSIVE;
				GCC_WARN_UNUSED_FUNCTION = YES;
				GCC_WARN_UNUSED_VARIABLE = YES;
				IPHONEOS_DEPLOYMENT_TARGET = 11.3;
				MTL_ENABLE_DEBUG_INFO = YES;
				ONLY_ACTIVE_ARCH = YES;
				SDKROOT = iphoneos;
				SWIFT_ACTIVE_COMPILATION_CONDITIONS = DEBUG;
				SWIFT_OPTIMIZATION_LEVEL = "-Onone";
			};
			name = Debug;
		};
		CD4E6A6D20A876A7003ED5E6 /* Release */ = {
			isa = XCBuildConfiguration;
			buildSettings = {
				ALWAYS_SEARCH_USER_PATHS = NO;
				CLANG_ANALYZER_NONNULL = YES;
				CLANG_ANALYZER_NUMBER_OBJECT_CONVERSION = YES_AGGRESSIVE;
				CLANG_CXX_LANGUAGE_STANDARD = "gnu++14";
				CLANG_CXX_LIBRARY = "libc++";
				CLANG_ENABLE_MODULES = YES;
				CLANG_ENABLE_OBJC_ARC = YES;
				CLANG_ENABLE_OBJC_WEAK = YES;
				CLANG_WARN_BLOCK_CAPTURE_AUTORELEASING = YES;
				CLANG_WARN_BOOL_CONVERSION = YES;
				CLANG_WARN_COMMA = YES;
				CLANG_WARN_CONSTANT_CONVERSION = YES;
				CLANG_WARN_DEPRECATED_OBJC_IMPLEMENTATIONS = YES;
				CLANG_WARN_DIRECT_OBJC_ISA_USAGE = YES_ERROR;
				CLANG_WARN_DOCUMENTATION_COMMENTS = YES;
				CLANG_WARN_EMPTY_BODY = YES;
				CLANG_WARN_ENUM_CONVERSION = YES;
				CLANG_WARN_INFINITE_RECURSION = YES;
				CLANG_WARN_INT_CONVERSION = YES;
				CLANG_WARN_NON_LITERAL_NULL_CONVERSION = YES;
				CLANG_WARN_OBJC_IMPLICIT_RETAIN_SELF = YES;
				CLANG_WARN_OBJC_LITERAL_CONVERSION = YES;
				CLANG_WARN_OBJC_ROOT_CLASS = YES_ERROR;
				CLANG_WARN_RANGE_LOOP_ANALYSIS = YES;
				CLANG_WARN_STRICT_PROTOTYPES = YES;
				CLANG_WARN_SUSPICIOUS_MOVE = YES;
				CLANG_WARN_UNGUARDED_AVAILABILITY = YES_AGGRESSIVE;
				CLANG_WARN_UNREACHABLE_CODE = YES;
				CLANG_WARN__DUPLICATE_METHOD_MATCH = YES;
				CODE_SIGN_IDENTITY = "iPhone Developer";
				COPY_PHASE_STRIP = NO;
				DEBUG_INFORMATION_FORMAT = "dwarf-with-dsym";
				ENABLE_NS_ASSERTIONS = NO;
				ENABLE_STRICT_OBJC_MSGSEND = YES;
				GCC_C_LANGUAGE_STANDARD = gnu11;
				GCC_NO_COMMON_BLOCKS = YES;
				GCC_WARN_64_TO_32_BIT_CONVERSION = YES;
				GCC_WARN_ABOUT_RETURN_TYPE = YES_ERROR;
				GCC_WARN_UNDECLARED_SELECTOR = YES;
				GCC_WARN_UNINITIALIZED_AUTOS = YES_AGGRESSIVE;
				GCC_WARN_UNUSED_FUNCTION = YES;
				GCC_WARN_UNUSED_VARIABLE = YES;
				IPHONEOS_DEPLOYMENT_TARGET = 11.3;
				MTL_ENABLE_DEBUG_INFO = NO;
				SDKROOT = iphoneos;
				SWIFT_COMPILATION_MODE = wholemodule;
				SWIFT_OPTIMIZATION_LEVEL = "-O";
				VALIDATE_PRODUCT = YES;
			};
			name = Release;
		};
		CD4E6A6F20A876A7003ED5E6 /* Debug */ = {
			isa = XCBuildConfiguration;
			buildSettings = {
				ASSETCATALOG_COMPILER_APPICON_NAME = AppIcon;
				CODE_SIGN_STYLE = Automatic;
				INFOPLIST_FILE = PTBH/Info.plist;
				LD_RUNPATH_SEARCH_PATHS = (
					"$(inherited)",
					"@executable_path/Frameworks",
				);
				PRODUCT_BUNDLE_IDENTIFIER = com.jacklien.PTBH;
				PRODUCT_NAME = "$(TARGET_NAME)";
				SWIFT_VERSION = 4.0;
				TARGETED_DEVICE_FAMILY = "1,2";
			};
			name = Debug;
		};
		CD4E6A7020A876A7003ED5E6 /* Release */ = {
			isa = XCBuildConfiguration;
			buildSettings = {
				ASSETCATALOG_COMPILER_APPICON_NAME = AppIcon;
				CODE_SIGN_STYLE = Automatic;
				INFOPLIST_FILE = PTBH/Info.plist;
				LD_RUNPATH_SEARCH_PATHS = (
					"$(inherited)",
					"@executable_path/Frameworks",
				);
				PRODUCT_BUNDLE_IDENTIFIER = com.jacklien.PTBH;
				PRODUCT_NAME = "$(TARGET_NAME)";
				SWIFT_VERSION = 4.0;
				TARGETED_DEVICE_FAMILY = "1,2";
			};
			name = Release;
		};
		CD4E6A7220A876A7003ED5E6 /* Debug */ = {
			isa = XCBuildConfiguration;
			buildSettings = {
				ALWAYS_EMBED_SWIFT_STANDARD_LIBRARIES = YES;
				BUNDLE_LOADER = "$(TEST_HOST)";
				CODE_SIGN_STYLE = Automatic;
				INFOPLIST_FILE = PTBHTests/Info.plist;
				LD_RUNPATH_SEARCH_PATHS = (
					"$(inherited)",
					"@executable_path/Frameworks",
					"@loader_path/Frameworks",
				);
				PRODUCT_BUNDLE_IDENTIFIER = com.jacklien.PTBHTests;
				PRODUCT_NAME = "$(TARGET_NAME)";
				SWIFT_VERSION = 4.0;
				TARGETED_DEVICE_FAMILY = "1,2";
				TEST_HOST = "$(BUILT_PRODUCTS_DIR)/PTBH.app/PTBH";
			};
			name = Debug;
		};
		CD4E6A7320A876A7003ED5E6 /* Release */ = {
			isa = XCBuildConfiguration;
			buildSettings = {
				ALWAYS_EMBED_SWIFT_STANDARD_LIBRARIES = YES;
				BUNDLE_LOADER = "$(TEST_HOST)";
				CODE_SIGN_STYLE = Automatic;
				INFOPLIST_FILE = PTBHTests/Info.plist;
				LD_RUNPATH_SEARCH_PATHS = (
					"$(inherited)",
					"@executable_path/Frameworks",
					"@loader_path/Frameworks",
				);
				PRODUCT_BUNDLE_IDENTIFIER = com.jacklien.PTBHTests;
				PRODUCT_NAME = "$(TARGET_NAME)";
				SWIFT_VERSION = 4.0;
				TARGETED_DEVICE_FAMILY = "1,2";
				TEST_HOST = "$(BUILT_PRODUCTS_DIR)/PTBH.app/PTBH";
			};
			name = Release;
		};
		CD4E6A7520A876A7003ED5E6 /* Debug */ = {
			isa = XCBuildConfiguration;
			buildSettings = {
				ALWAYS_EMBED_SWIFT_STANDARD_LIBRARIES = YES;
				CODE_SIGN_STYLE = Automatic;
				INFOPLIST_FILE = PTBHUITests/Info.plist;
				LD_RUNPATH_SEARCH_PATHS = (
					"$(inherited)",
					"@executable_path/Frameworks",
					"@loader_path/Frameworks",
				);
				PRODUCT_BUNDLE_IDENTIFIER = com.jacklien.PTBHUITests;
				PRODUCT_NAME = "$(TARGET_NAME)";
				SWIFT_VERSION = 4.0;
				TARGETED_DEVICE_FAMILY = "1,2";
				TEST_TARGET_NAME = PTBH;
			};
			name = Debug;
		};
		CD4E6A7620A876A7003ED5E6 /* Release */ = {
			isa = XCBuildConfiguration;
			buildSettings = {
				ALWAYS_EMBED_SWIFT_STANDARD_LIBRARIES = YES;
				CODE_SIGN_STYLE = Automatic;
				INFOPLIST_FILE = PTBHUITests/Info.plist;
				LD_RUNPATH_SEARCH_PATHS = (
					"$(inherited)",
					"@executable_path/Frameworks",
					"@loader_path/Frameworks",
				);
				PRODUCT_BUNDLE_IDENTIFIER = com.jacklien.PTBHUITests;
				PRODUCT_NAME = "$(TARGET_NAME)";
				SWIFT_VERSION = 4.0;
				TARGETED_DEVICE_FAMILY = "1,2";
				TEST_TARGET_NAME = PTBH;
			};
			name = Release;
		};
/* End XCBuildConfiguration section */

/* Begin XCConfigurationList section */
		CD4E6A4120A8768C003ED5E6 /* Build configuration list for PBXProject "PTBH" */ = {
			isa = XCConfigurationList;
			buildConfigurations = (
				CD4E6A6C20A876A7003ED5E6 /* Debug */,
				CD4E6A6D20A876A7003ED5E6 /* Release */,
			);
			defaultConfigurationIsVisible = 0;
			defaultConfigurationName = Release;
		};
		CD4E6A6E20A876A7003ED5E6 /* Build configuration list for PBXNativeTarget "PTBH" */ = {
			isa = XCConfigurationList;
			buildConfigurations = (
				CD4E6A6F20A876A7003ED5E6 /* Debug */,
				CD4E6A7020A876A7003ED5E6 /* Release */,
			);
			defaultConfigurationIsVisible = 0;
			defaultConfigurationName = Release;
		};
		CD4E6A7120A876A7003ED5E6 /* Build configuration list for PBXNativeTarget "PTBHTests" */ = {
			isa = XCConfigurationList;
			buildConfigurations = (
				CD4E6A7220A876A7003ED5E6 /* Debug */,
				CD4E6A7320A876A7003ED5E6 /* Release */,
			);
			defaultConfigurationIsVisible = 0;
			defaultConfigurationName = Release;
		};
		CD4E6A7420A876A7003ED5E6 /* Build configuration list for PBXNativeTarget "PTBHUITests" */ = {
			isa = XCConfigurationList;
			buildConfigurations = (
				CD4E6A7520A876A7003ED5E6 /* Debug */,
				CD4E6A7620A876A7003ED5E6 /* Release */,
			);
			defaultConfigurationIsVisible = 0;
			defaultConfigurationName = Release;
		};
/* End XCConfigurationList section */
	};
	rootObject = CD4E6A3E20A8768C003ED5E6 /* Project object */;
}
